
Microsoft Visual Studio Solution File, Format Version 12.00
# Visual Studio Version 16
VisualStudioVersion = 16.0.31321.278
MinimumVisualStudioVersion = 10.0.40219.1
Project("{FAE04EC0-301F-11D3-BF4B-00C04F79EFBC}") = "shipping quote for a package", "shipping quote for a package.csproj", "{11EEC8AF-5E84-41FC-86CD-54DD343B96E8}"
EndProject
Global
	GlobalSection(SolutionConfigurationPlatforms) = preSolution
		Debug|Any CPU = Debug|Any CPU
		Release|Any CPU = Release|Any CPU
	EndGlobalSection
	GlobalSection(ProjectConfigurationPlatforms) = postSolution
		{11EEC8AF-5E84-41FC-86CD-54DD343B96E8}.Debug|Any CPU.ActiveCfg = Debug|Any CPU
		{11EEC8AF-5E84-41FC-86CD-54DD343B96E8}.Debug|Any CPU.Build.0 = Debug|Any CPU
		{11EEC8AF-5E84-41FC-86CD-54DD343B96E8}.Release|Any CPU.ActiveCfg = Release|Any CPU
		{11EEC8AF-5E84-41FC-86CD-54DD343B96E8}.Release|Any CPU.Build.0 = Release|Any CPU
	EndGlobalSection
	GlobalSection(SolutionProperties) = preSolution
		HideSolutionNode = FALSE
	EndGlobalSection
	GlobalSection(ExtensibilityGlobals) = postSolution
		SolutionGuid = {083777A2-BBDA-4CA7-B53B-01D4A455B889}
	EndGlobalSection
EndGlobal
